
Microsoft Visual Studio Solution File, Format Version 12.00
# Visual Studio Version 17
VisualStudioVersion = 17.5.33516.290
MinimumVisualStudioVersion = 10.0.40219.1
Project("{FAE04EC0-301F-11D3-BF4B-00C04F79EFBC}") = "FirstBlazorApp.Server", "FirstBlazorApp\Server\FirstBlazorApp.Server.csproj", "{AA67DD12-9B9B-41F2-B00E-D7E2BA61FE4C}"
EndProject
Project("{FAE04EC0-301F-11D3-BF4B-00C04F79EFBC}") = "FirstBlazorApp.Client", "FirstBlazorApp\Client\FirstBlazorApp.Client.csproj", "{F4504D7A-A99D-4E35-963A-CB4CE8E5C68D}"
EndProject
Project("{FAE04EC0-301F-11D3-BF4B-00C04F79EFBC}") = "FirstBlazorApp.Shared", "FirstBlazorApp\Shared\FirstBlazorApp.Shared.csproj", "{EB9B0E04-0CB3-4EF8-B1AC-899D3D4A74A4}"
EndProject
Global
	GlobalSection(SolutionConfigurationPlatforms) = preSolution
		Debug|Any CPU = Debug|Any CPU
		Release|Any CPU = Release|Any CPU
	EndGlobalSection
	GlobalSection(ProjectConfigurationPlatforms) = postSolution
		{AA67DD12-9B9B-41F2-B00E-D7E2BA61FE4C}.Debug|Any CPU.ActiveCfg = Debug|Any CPU
		{AA67DD12-9B9B-41F2-B00E-D7E2BA61FE4C}.Debug|Any CPU.Build.0 = Debug|Any CPU
		{AA67DD12-9B9B-41F2-B00E-D7E2BA61FE4C}.Release|Any CPU.ActiveCfg = Release|Any CPU
		{AA67DD12-9B9B-41F2-B00E-D7E2BA61FE4C}.Release|Any CPU.Build.0 = Release|Any CPU
		{F4504D7A-A99D-4E35-963A-CB4CE8E5C68D}.Debug|Any CPU.ActiveCfg = Debug|Any CPU
		{F4504D7A-A99D-4E35-963A-CB4CE8E5C68D}.Debug|Any CPU.Build.0 = Debug|Any CPU
		{F4504D7A-A99D-4E35-963A-CB4CE8E5C68D}.Release|Any CPU.ActiveCfg = Release|Any CPU
		{F4504D7A-A99D-4E35-963A-CB4CE8E5C68D}.Release|Any CPU.Build.0 = Release|Any CPU
		{EB9B0E04-0CB3-4EF8-B1AC-899D3D4A74A4}.Debug|Any CPU.ActiveCfg = Debug|Any CPU
		{EB9B0E04-0CB3-4EF8-B1AC-899D3D4A74A4}.Debug|Any CPU.Build.0 = Debug|Any CPU
		{EB9B0E04-0CB3-4EF8-B1AC-899D3D4A74A4}.Release|Any CPU.ActiveCfg = Release|Any CPU
		{EB9B0E04-0CB3-4EF8-B1AC-899D3D4A74A4}.Release|Any CPU.Build.0 = Release|Any CPU
	EndGlobalSection
	GlobalSection(SolutionProperties) = preSolution
		HideSolutionNode = FALSE
	EndGlobalSection
	GlobalSection(ExtensibilityGlobals) = postSolution
		SolutionGuid = {F7EB9B51-458F-4A2E-874F-526C3BF09CD2}
	EndGlobalSection
EndGlobal
